{
  "name": "rangedb",
  "lockfileVersion": 3,
  "requires": true,
  "packages": {
    "": {
      "name": "rangedb",
      "workspaces": [
        "packages/cloudflare",
        "packages/js",
        "packages/nodejs"
      ]
    },
    "cloudflare": {
      "name": "@rangedb/cloudflare",
      "version": "1.0.0",
      "extraneous": true,
      "dependencies": {
        "@rangedb/js": "*"
      },
      "devDependencies": {
        "@cloudflare/workers-types": "^4.20260307.1",
        "@types/node": "^25.3.3"
      }
    },
    "js": {
      "name": "@rangedb/js",
      "version": "1.0.0",
      "extraneous": true,
      "engines": {
        "node": "^22.0.0 || >=23.6.0"
      }
    },
    "node_modules/@cloudflare/workers-types": {
      "version": "4.20260307.1",
      "resolved": "https://registry.npmjs.org/@cloudflare/workers-types/-/workers-types-4.20260307.1.tgz",
      "integrity": "sha512-0PvWLVVD6Q64V/XhollYtc8H35Vxm2rZi8bkZbEr3lK+mNgd2FBBVhlZ6A3saAUq3giRF4US/UfU/3a8i1PEcg==",
      "dev": true,
      "license": "MIT OR Apache-2.0"
    },
    "node_modules/@rangedb/cloudflare": {
      "resolved": "packages/cloudflare",
      "link": true
    },
    "node_modules/@rangedb/js": {
      "resolved": "packages/js",
      "link": true
    },
    "node_modules/@rangedb/nodejs": {
      "resolved": "packages/nodejs",
      "link": true
    },
    "node_modules/@types/node": {
      "version": "25.3.5",
      "resolved": "https://registry.npmjs.org/@types/node/-/node-25.3.5.tgz",
      "integrity": "sha512-oX8xrhvpiyRCQkG1MFchB09f+cXftgIXb3a7UUa4Y3wpmZPw5tyZGTLWhlESOLq1Rq6oDlc8npVU2/9xiCuXMA==",
      "dev": true,
      "license": "MIT",
      "dependencies": {
        "undici-types": "~7.18.0"
      }
    },
    "node_modules/undici-types": {
      "version": "7.18.2",
      "resolved": "https://registry.npmjs.org/undici-types/-/undici-types-7.18.2.tgz",
      "integrity": "sha512-AsuCzffGHJybSaRrmr5eHr81mwJU3kjw6M+uprWvCXiNeN9SOGwQ3Jn8jb8m3Z6izVgknn1R0FTCEAP2QrLY/w==",
      "dev": true,
      "license": "MIT"
    },
    "nodejs": {
      "name": "@rangedb/nodejs",
      "version": "1.0.0",
      "extraneous": true,
      "dependencies": {
        "@rangedb/js": "*"
      },
      "devDependencies": {
        "@types/node": "^25.3.3"
      },
      "engines": {
        "node": "^22.0.0 || >=23.6.0"
      }
    },
    "packages/cloudflare": {
      "name": "@rangedb/cloudflare",
      "version": "1.0.0",
      "dependencies": {
        "@rangedb/js": "*"
      },
      "devDependencies": {
        "@cloudflare/workers-types": "^4.20260307.1",
        "@types/node": "^25.3.3"
      }
    },
    "packages/js": {
      "name": "@rangedb/js",
      "version": "1.0.0",
      "engines": {
        "node": "^22.0.0 || >=23.6.0"
      }
    },
    "packages/nodejs": {
      "name": "@rangedb/nodejs",
      "version": "1.0.0",
      "dependencies": {
        "@rangedb/js": "*"
      },
      "devDependencies": {
        "@types/node": "^25.3.3"
      },
      "engines": {
        "node": "^22.0.0 || >=23.6.0"
      }
    }
  }
}
